
Microsoft Visual Studio Solution File, Format Version 12.00
# Visual Studio Version 17
VisualStudioVersion = 17.0.31903.59
MinimumVisualStudioVersion = 10.0.40219.1
Project("{2150E333-8FDC-42A3-9474-1A3956D46DE8}") = "src", "src", "{D21BFC44-F4F3-4ACA-A847-EFD55DF63573}"
EndProject
Project("{FAE04EC0-301F-11D3-BF4B-00C04F79EFBC}") = "UvexAdv.Admin", "src\UvexAdv.Admin\UvexAdv.Admin.csproj", "{F7990633-1C52-4103-9970-C2A8261A9637}"
EndProject
Project("{FAE04EC0-301F-11D3-BF4B-00C04F79EFBC}") = "UvexAdv.Admin.Tests", "tests\UvexAdv.Admin.Tests\UvexAdv.Admin.Tests.csproj", "{DCB3147B-3F0B-4B75-A350-3B0287937977}"
EndProject
Project("{FAE04EC0-301F-11D3-BF4B-00C04F79EFBC}") = "UvexAdv.Reduction.Launcher", "src\UvexAdv.Reduction.Launcher\UvexAdv.Reduction.Launcher.csproj", "{E1E07816-8B14-4649-89B1-D0E45A8341E7}"
EndProject
Project("{FAE04EC0-301F-11D3-BF4B-00C04F79EFBC}") = "UvexAdv.Core", "src\UvexAdv.Core\UvexAdv.Core.csproj", "{A9A78DEF-DF82-45CE-874F-DDB67A98EEEE}"
EndProject
Project("{FAE04EC0-301F-11D3-BF4B-00C04F79EFBC}") = "UvexAdv.Nina.Plugin", "src\UvexAdv.Nina.Plugin\UvexAdv.Nina.Plugin.csproj", "{4CDC0965-2094-4627-B467-4FC76231B3C1}"
EndProject
Project("{FAE04EC0-301F-11D3-BF4B-00C04F79EFBC}") = "UvexAdv.Protocol", "src\UvexAdv.Protocol\UvexAdv.Protocol.csproj", "{2D79D697-0521-4CFB-A3C3-CA68A209C8A5}"
EndProject
Project("{FAE04EC0-301F-11D3-BF4B-00C04F79EFBC}") = "UvexAdv.Service", "src\UvexAdv.Service\UvexAdv.Service.csproj", "{48AC9889-24AE-40A9-9011-81DA896AB49C}"
EndProject
Project("{FAE04EC0-301F-11D3-BF4B-00C04F79EFBC}") = "UvexAdv.Spectroscopy", "src\UvexAdv.Spectroscopy\UvexAdv.Spectroscopy.csproj", "{BEC2D2C1-36CD-4C65-9F7E-8C8C3A2685BE}"
EndProject
Project("{FAE04EC0-301F-11D3-BF4B-00C04F79EFBC}") = "UvexAdv.Observatory", "src\UvexAdv.Observatory\UvexAdv.Observatory.csproj", "{1EF079E2-1ADD-4E9C-A949-7456B4A736BE}"
EndProject
Project("{FAE04EC0-301F-11D3-BF4B-00C04F79EFBC}") = "UvexAdv.Phd2", "src\UvexAdv.Phd2\UvexAdv.Phd2.csproj", "{57A0D7E4-5205-4C4D-A506-8AE45A1FC22F}"
EndProject
Project("{FAE04EC0-301F-11D3-BF4B-00C04F79EFBC}") = "UvexAdv.Phd2.Watchdog", "src\UvexAdv.Phd2.Watchdog\UvexAdv.Phd2.Watchdog.csproj", "{6A8938EE-CBE0-41EC-B5AF-0810A2806396}"
EndProject
Project("{FAE04EC0-301F-11D3-BF4B-00C04F79EFBC}") = "UvexAdv.Qhy.Core", "src\UvexAdv.Qhy.Core\UvexAdv.Qhy.Core.csproj", "{A155F25F-2A6D-4797-9E94-EB2CD85B89AC}"
EndProject
Project("{FAE04EC0-301F-11D3-BF4B-00C04F79EFBC}") = "UvexAdv.Qhy.Service", "src\UvexAdv.Qhy.Service\UvexAdv.Qhy.Service.csproj", "{DF6A1590-D994-4780-9FA0-2EB5D923CDF6}"
EndProject
Project("{FAE04EC0-301F-11D3-BF4B-00C04F79EFBC}") = "UvexAdv.Commissioning.Tool", "src\UvexAdv.Commissioning.Tool\UvexAdv.Commissioning.Tool.csproj", "{4369BADD-2839-497F-AE6C-D166C94D5CC6}"
EndProject
Project("{2150E333-8FDC-42A3-9474-1A3956D46DE8}") = "tests", "tests", "{01ECF4C8-F93A-46A3-AB01-78620F77BA55}"
EndProject
Project("{FAE04EC0-301F-11D3-BF4B-00C04F79EFBC}") = "UvexAdv.Core.Tests", "tests\UvexAdv.Core.Tests\UvexAdv.Core.Tests.csproj", "{FBD05418-9377-4136-95E0-780CFE1D5BC7}"
EndProject
Project("{FAE04EC0-301F-11D3-BF4B-00C04F79EFBC}") = "UvexAdv.Protocol.Tests", "tests\UvexAdv.Protocol.Tests\UvexAdv.Protocol.Tests.csproj", "{8D1C7467-63E0-4536-A6E4-FFD1B12732DB}"
EndProject
Project("{FAE04EC0-301F-11D3-BF4B-00C04F79EFBC}") = "UvexAdv.Spectroscopy.Tests", "tests\UvexAdv.Spectroscopy.Tests\UvexAdv.Spectroscopy.Tests.csproj", "{134D0E3F-BD48-4707-BBD8-93DCDCFCED63}"
EndProject
Project("{FAE04EC0-301F-11D3-BF4B-00C04F79EFBC}") = "UvexAdv.Service.Tests", "tests\UvexAdv.Service.Tests\UvexAdv.Service.Tests.csproj", "{15E3EF96-E3C8-4A00-B522-FB19E3E320E2}"
EndProject
Project("{FAE04EC0-301F-11D3-BF4B-00C04F79EFBC}") = "UvexAdv.Observatory.Tests", "tests\UvexAdv.Observatory.Tests\UvexAdv.Observatory.Tests.csproj", "{62C66B84-DB7A-41BE-8E3C-164AE8E57A02}"
EndProject
Project("{FAE04EC0-301F-11D3-BF4B-00C04F79EFBC}") = "UvexAdv.Phd2.Tests", "tests\UvexAdv.Phd2.Tests\UvexAdv.Phd2.Tests.csproj", "{643A69FD-40AA-46D8-B86D-099B72056DE2}"
EndProject
Project("{FAE04EC0-301F-11D3-BF4B-00C04F79EFBC}") = "UvexAdv.Phd2.Watchdog.Tests", "tests\UvexAdv.Phd2.Watchdog.Tests\UvexAdv.Phd2.Watchdog.Tests.csproj", "{522480C0-2A3E-4088-90F4-5DC12CAE3E81}"
EndProject
Project("{FAE04EC0-301F-11D3-BF4B-00C04F79EFBC}") = "UvexAdv.Qhy.Tests", "tests\UvexAdv.Qhy.Tests\UvexAdv.Qhy.Tests.csproj", "{BA8D11D7-45EC-49B8-830E-597DEFF45C15}"
EndProject
Project("{FAE04EC0-301F-11D3-BF4B-00C04F79EFBC}") = "UvexAdv.Commissioning.Tool.Tests", "tests\UvexAdv.Commissioning.Tool.Tests\UvexAdv.Commissioning.Tool.Tests.csproj", "{9A0E00A1-5356-4AFB-90C2-B9F8D530F0A9}"
EndProject
Project("{FAE04EC0-301F-11D3-BF4B-00C04F79EFBC}") = "UvexAdv.Nina.Plugin.Tests", "tests\UvexAdv.Nina.Plugin.Tests\UvexAdv.Nina.Plugin.Tests.csproj", "{DE3A74F1-9C32-4F9E-BA55-83BC0E6B9274}"
EndProject
Project("{FAE04EC0-301F-11D3-BF4B-00C04F79EFBC}") = "UvexAdv.Nina.Plugin.UiHarness", "tests\UvexAdv.Nina.Plugin.UiHarness\UvexAdv.Nina.Plugin.UiHarness.csproj", "{AAE7361C-D843-4747-97B8-CDA20CA774C3}"
EndProject
Project("{FAE04EC0-301F-11D3-BF4B-00C04F79EFBC}") = "UvexAdv.Nina.Plugin.UiHarness.Tests", "tests\UvexAdv.Nina.Plugin.UiHarness.Tests\UvexAdv.Nina.Plugin.UiHarness.Tests.csproj", "{44F28CE9-6DAF-48F4-B145-E9846F8E4C03}"
EndProject
Global
	GlobalSection(SolutionConfigurationPlatforms) = preSolution
		Debug|Any CPU = Debug|Any CPU
		Release|Any CPU = Release|Any CPU
	EndGlobalSection
	GlobalSection(SolutionProperties) = preSolution
		HideSolutionNode = FALSE
	EndGlobalSection
	GlobalSection(ProjectConfigurationPlatforms) = postSolution
		{F7990633-1C52-4103-9970-C2A8261A9637}.Debug|Any CPU.ActiveCfg = Debug|Any CPU
		{F7990633-1C52-4103-9970-C2A8261A9637}.Debug|Any CPU.Build.0 = Debug|Any CPU
		{F7990633-1C52-4103-9970-C2A8261A9637}.Release|Any CPU.ActiveCfg = Release|Any CPU
		{F7990633-1C52-4103-9970-C2A8261A9637}.Release|Any CPU.Build.0 = Release|Any CPU
		{DCB3147B-3F0B-4B75-A350-3B0287937977}.Debug|Any CPU.ActiveCfg = Debug|Any CPU
		{DCB3147B-3F0B-4B75-A350-3B0287937977}.Debug|Any CPU.Build.0 = Debug|Any CPU
		{DCB3147B-3F0B-4B75-A350-3B0287937977}.Release|Any CPU.ActiveCfg = Release|Any CPU
		{DCB3147B-3F0B-4B75-A350-3B0287937977}.Release|Any CPU.Build.0 = Release|Any CPU
		{E1E07816-8B14-4649-89B1-D0E45A8341E7}.Debug|Any CPU.ActiveCfg = Debug|Any CPU
		{E1E07816-8B14-4649-89B1-D0E45A8341E7}.Debug|Any CPU.Build.0 = Debug|Any CPU
		{E1E07816-8B14-4649-89B1-D0E45A8341E7}.Release|Any CPU.ActiveCfg = Release|Any CPU
		{E1E07816-8B14-4649-89B1-D0E45A8341E7}.Release|Any CPU.Build.0 = Release|Any CPU
		{A9A78DEF-DF82-45CE-874F-DDB67A98EEEE}.Debug|Any CPU.ActiveCfg = Debug|Any CPU
		{A9A78DEF-DF82-45CE-874F-DDB67A98EEEE}.Debug|Any CPU.Build.0 = Debug|Any CPU
		{A9A78DEF-DF82-45CE-874F-DDB67A98EEEE}.Release|Any CPU.ActiveCfg = Release|Any CPU
		{A9A78DEF-DF82-45CE-874F-DDB67A98EEEE}.Release|Any CPU.Build.0 = Release|Any CPU
		{4CDC0965-2094-4627-B467-4FC76231B3C1}.Debug|Any CPU.ActiveCfg = Debug|Any CPU
		{4CDC0965-2094-4627-B467-4FC76231B3C1}.Debug|Any CPU.Build.0 = Debug|Any CPU
		{4CDC0965-2094-4627-B467-4FC76231B3C1}.Release|Any CPU.ActiveCfg = Release|Any CPU
		{4CDC0965-2094-4627-B467-4FC76231B3C1}.Release|Any CPU.Build.0 = Release|Any CPU
		{2D79D697-0521-4CFB-A3C3-CA68A209C8A5}.Debug|Any CPU.ActiveCfg = Debug|Any CPU
		{2D79D697-0521-4CFB-A3C3-CA68A209C8A5}.Debug|Any CPU.Build.0 = Debug|Any CPU
		{2D79D697-0521-4CFB-A3C3-CA68A209C8A5}.Release|Any CPU.ActiveCfg = Release|Any CPU
		{2D79D697-0521-4CFB-A3C3-CA68A209C8A5}.Release|Any CPU.Build.0 = Release|Any CPU
		{48AC9889-24AE-40A9-9011-81DA896AB49C}.Debug|Any CPU.ActiveCfg = Debug|Any CPU
		{48AC9889-24AE-40A9-9011-81DA896AB49C}.Debug|Any CPU.Build.0 = Debug|Any CPU
		{48AC9889-24AE-40A9-9011-81DA896AB49C}.Release|Any CPU.ActiveCfg = Release|Any CPU
		{48AC9889-24AE-40A9-9011-81DA896AB49C}.Release|Any CPU.Build.0 = Release|Any CPU
		{BEC2D2C1-36CD-4C65-9F7E-8C8C3A2685BE}.Debug|Any CPU.ActiveCfg = Debug|Any CPU
		{BEC2D2C1-36CD-4C65-9F7E-8C8C3A2685BE}.Debug|Any CPU.Build.0 = Debug|Any CPU
		{BEC2D2C1-36CD-4C65-9F7E-8C8C3A2685BE}.Release|Any CPU.ActiveCfg = Release|Any CPU
		{BEC2D2C1-36CD-4C65-9F7E-8C8C3A2685BE}.Release|Any CPU.Build.0 = Release|Any CPU
		{1EF079E2-1ADD-4E9C-A949-7456B4A736BE}.Debug|Any CPU.ActiveCfg = Debug|Any CPU
		{1EF079E2-1ADD-4E9C-A949-7456B4A736BE}.Debug|Any CPU.Build.0 = Debug|Any CPU
		{1EF079E2-1ADD-4E9C-A949-7456B4A736BE}.Release|Any CPU.ActiveCfg = Release|Any CPU
		{1EF079E2-1ADD-4E9C-A949-7456B4A736BE}.Release|Any CPU.Build.0 = Release|Any CPU
		{57A0D7E4-5205-4C4D-A506-8AE45A1FC22F}.Debug|Any CPU.ActiveCfg = Debug|Any CPU
		{57A0D7E4-5205-4C4D-A506-8AE45A1FC22F}.Debug|Any CPU.Build.0 = Debug|Any CPU
		{57A0D7E4-5205-4C4D-A506-8AE45A1FC22F}.Release|Any CPU.ActiveCfg = Release|Any CPU
		{57A0D7E4-5205-4C4D-A506-8AE45A1FC22F}.Release|Any CPU.Build.0 = Release|Any CPU
		{6A8938EE-CBE0-41EC-B5AF-0810A2806396}.Debug|Any CPU.ActiveCfg = Debug|Any CPU
		{6A8938EE-CBE0-41EC-B5AF-0810A2806396}.Debug|Any CPU.Build.0 = Debug|Any CPU
		{6A8938EE-CBE0-41EC-B5AF-0810A2806396}.Release|Any CPU.ActiveCfg = Release|Any CPU
		{6A8938EE-CBE0-41EC-B5AF-0810A2806396}.Release|Any CPU.Build.0 = Release|Any CPU
		{A155F25F-2A6D-4797-9E94-EB2CD85B89AC}.Debug|Any CPU.ActiveCfg = Debug|Any CPU
		{A155F25F-2A6D-4797-9E94-EB2CD85B89AC}.Debug|Any CPU.Build.0 = Debug|Any CPU
		{A155F25F-2A6D-4797-9E94-EB2CD85B89AC}.Release|Any CPU.ActiveCfg = Release|Any CPU
		{A155F25F-2A6D-4797-9E94-EB2CD85B89AC}.Release|Any CPU.Build.0 = Release|Any CPU
		{DF6A1590-D994-4780-9FA0-2EB5D923CDF6}.Debug|Any CPU.ActiveCfg = Debug|Any CPU
		{DF6A1590-D994-4780-9FA0-2EB5D923CDF6}.Debug|Any CPU.Build.0 = Debug|Any CPU
		{DF6A1590-D994-4780-9FA0-2EB5D923CDF6}.Release|Any CPU.ActiveCfg = Release|Any CPU
		{DF6A1590-D994-4780-9FA0-2EB5D923CDF6}.Release|Any CPU.Build.0 = Release|Any CPU
		{4369BADD-2839-497F-AE6C-D166C94D5CC6}.Debug|Any CPU.ActiveCfg = Debug|Any CPU
		{4369BADD-2839-497F-AE6C-D166C94D5CC6}.Debug|Any CPU.Build.0 = Debug|Any CPU
		{4369BADD-2839-497F-AE6C-D166C94D5CC6}.Release|Any CPU.ActiveCfg = Release|Any CPU
		{4369BADD-2839-497F-AE6C-D166C94D5CC6}.Release|Any CPU.Build.0 = Release|Any CPU
		{FBD05418-9377-4136-95E0-780CFE1D5BC7}.Debug|Any CPU.ActiveCfg = Debug|Any CPU
		{FBD05418-9377-4136-95E0-780CFE1D5BC7}.Debug|Any CPU.Build.0 = Debug|Any CPU
		{FBD05418-9377-4136-95E0-780CFE1D5BC7}.Release|Any CPU.ActiveCfg = Release|Any CPU
		{FBD05418-9377-4136-95E0-780CFE1D5BC7}.Release|Any CPU.Build.0 = Release|Any CPU
		{8D1C7467-63E0-4536-A6E4-FFD1B12732DB}.Debug|Any CPU.ActiveCfg = Debug|Any CPU
		{8D1C7467-63E0-4536-A6E4-FFD1B12732DB}.Debug|Any CPU.Build.0 = Debug|Any CPU
		{8D1C7467-63E0-4536-A6E4-FFD1B12732DB}.Release|Any CPU.ActiveCfg = Release|Any CPU
		{8D1C7467-63E0-4536-A6E4-FFD1B12732DB}.Release|Any CPU.Build.0 = Release|Any CPU
		{134D0E3F-BD48-4707-BBD8-93DCDCFCED63}.Debug|Any CPU.ActiveCfg = Debug|Any CPU
		{134D0E3F-BD48-4707-BBD8-93DCDCFCED63}.Debug|Any CPU.Build.0 = Debug|Any CPU
		{134D0E3F-BD48-4707-BBD8-93DCDCFCED63}.Release|Any CPU.ActiveCfg = Release|Any CPU
		{134D0E3F-BD48-4707-BBD8-93DCDCFCED63}.Release|Any CPU.Build.0 = Release|Any CPU
		{15E3EF96-E3C8-4A00-B522-FB19E3E320E2}.Debug|Any CPU.ActiveCfg = Debug|Any CPU
		{15E3EF96-E3C8-4A00-B522-FB19E3E320E2}.Debug|Any CPU.Build.0 = Debug|Any CPU
		{15E3EF96-E3C8-4A00-B522-FB19E3E320E2}.Release|Any CPU.ActiveCfg = Release|Any CPU
		{15E3EF96-E3C8-4A00-B522-FB19E3E320E2}.Release|Any CPU.Build.0 = Release|Any CPU
		{62C66B84-DB7A-41BE-8E3C-164AE8E57A02}.Debug|Any CPU.ActiveCfg = Debug|Any CPU
		{62C66B84-DB7A-41BE-8E3C-164AE8E57A02}.Debug|Any CPU.Build.0 = Debug|Any CPU
		{62C66B84-DB7A-41BE-8E3C-164AE8E57A02}.Release|Any CPU.ActiveCfg = Release|Any CPU
		{62C66B84-DB7A-41BE-8E3C-164AE8E57A02}.Release|Any CPU.Build.0 = Release|Any CPU
		{643A69FD-40AA-46D8-B86D-099B72056DE2}.Debug|Any CPU.ActiveCfg = Debug|Any CPU
		{643A69FD-40AA-46D8-B86D-099B72056DE2}.Debug|Any CPU.Build.0 = Debug|Any CPU
		{643A69FD-40AA-46D8-B86D-099B72056DE2}.Release|Any CPU.ActiveCfg = Release|Any CPU
		{643A69FD-40AA-46D8-B86D-099B72056DE2}.Release|Any CPU.Build.0 = Release|Any CPU
		{522480C0-2A3E-4088-90F4-5DC12CAE3E81}.Debug|Any CPU.ActiveCfg = Debug|Any CPU
		{522480C0-2A3E-4088-90F4-5DC12CAE3E81}.Debug|Any CPU.Build.0 = Debug|Any CPU
		{522480C0-2A3E-4088-90F4-5DC12CAE3E81}.Release|Any CPU.ActiveCfg = Release|Any CPU
		{522480C0-2A3E-4088-90F4-5DC12CAE3E81}.Release|Any CPU.Build.0 = Release|Any CPU
		{BA8D11D7-45EC-49B8-830E-597DEFF45C15}.Debug|Any CPU.ActiveCfg = Debug|Any CPU
		{BA8D11D7-45EC-49B8-830E-597DEFF45C15}.Debug|Any CPU.Build.0 = Debug|Any CPU
		{BA8D11D7-45EC-49B8-830E-597DEFF45C15}.Release|Any CPU.ActiveCfg = Release|Any CPU
		{BA8D11D7-45EC-49B8-830E-597DEFF45C15}.Release|Any CPU.Build.0 = Release|Any CPU
		{9A0E00A1-5356-4AFB-90C2-B9F8D530F0A9}.Debug|Any CPU.ActiveCfg = Debug|Any CPU
		{9A0E00A1-5356-4AFB-90C2-B9F8D530F0A9}.Debug|Any CPU.Build.0 = Debug|Any CPU
		{9A0E00A1-5356-4AFB-90C2-B9F8D530F0A9}.Release|Any CPU.ActiveCfg = Release|Any CPU
		{9A0E00A1-5356-4AFB-90C2-B9F8D530F0A9}.Release|Any CPU.Build.0 = Release|Any CPU
		{DE3A74F1-9C32-4F9E-BA55-83BC0E6B9274}.Debug|Any CPU.ActiveCfg = Debug|Any CPU
		{DE3A74F1-9C32-4F9E-BA55-83BC0E6B9274}.Debug|Any CPU.Build.0 = Debug|Any CPU
		{DE3A74F1-9C32-4F9E-BA55-83BC0E6B9274}.Release|Any CPU.ActiveCfg = Release|Any CPU
		{DE3A74F1-9C32-4F9E-BA55-83BC0E6B9274}.Release|Any CPU.Build.0 = Release|Any CPU
		{AAE7361C-D843-4747-97B8-CDA20CA774C3}.Debug|Any CPU.ActiveCfg = Debug|Any CPU
		{AAE7361C-D843-4747-97B8-CDA20CA774C3}.Debug|Any CPU.Build.0 = Debug|Any CPU
		{AAE7361C-D843-4747-97B8-CDA20CA774C3}.Release|Any CPU.ActiveCfg = Release|Any CPU
		{AAE7361C-D843-4747-97B8-CDA20CA774C3}.Release|Any CPU.Build.0 = Release|Any CPU
		{44F28CE9-6DAF-48F4-B145-E9846F8E4C03}.Debug|Any CPU.ActiveCfg = Debug|Any CPU
		{44F28CE9-6DAF-48F4-B145-E9846F8E4C03}.Debug|Any CPU.Build.0 = Debug|Any CPU
		{44F28CE9-6DAF-48F4-B145-E9846F8E4C03}.Release|Any CPU.ActiveCfg = Release|Any CPU
		{44F28CE9-6DAF-48F4-B145-E9846F8E4C03}.Release|Any CPU.Build.0 = Release|Any CPU
	EndGlobalSection
	GlobalSection(NestedProjects) = preSolution
		{F7990633-1C52-4103-9970-C2A8261A9637} = {D21BFC44-F4F3-4ACA-A847-EFD55DF63573}
		{DCB3147B-3F0B-4B75-A350-3B0287937977} = {01ECF4C8-F93A-46A3-AB01-78620F77BA55}
		{E1E07816-8B14-4649-89B1-D0E45A8341E7} = {D21BFC44-F4F3-4ACA-A847-EFD55DF63573}
		{A9A78DEF-DF82-45CE-874F-DDB67A98EEEE} = {D21BFC44-F4F3-4ACA-A847-EFD55DF63573}
		{4CDC0965-2094-4627-B467-4FC76231B3C1} = {D21BFC44-F4F3-4ACA-A847-EFD55DF63573}
		{2D79D697-0521-4CFB-A3C3-CA68A209C8A5} = {D21BFC44-F4F3-4ACA-A847-EFD55DF63573}
		{48AC9889-24AE-40A9-9011-81DA896AB49C} = {D21BFC44-F4F3-4ACA-A847-EFD55DF63573}
		{BEC2D2C1-36CD-4C65-9F7E-8C8C3A2685BE} = {D21BFC44-F4F3-4ACA-A847-EFD55DF63573}
		{1EF079E2-1ADD-4E9C-A949-7456B4A736BE} = {D21BFC44-F4F3-4ACA-A847-EFD55DF63573}
		{57A0D7E4-5205-4C4D-A506-8AE45A1FC22F} = {D21BFC44-F4F3-4ACA-A847-EFD55DF63573}
		{6A8938EE-CBE0-41EC-B5AF-0810A2806396} = {D21BFC44-F4F3-4ACA-A847-EFD55DF63573}
		{A155F25F-2A6D-4797-9E94-EB2CD85B89AC} = {D21BFC44-F4F3-4ACA-A847-EFD55DF63573}
		{DF6A1590-D994-4780-9FA0-2EB5D923CDF6} = {D21BFC44-F4F3-4ACA-A847-EFD55DF63573}
		{4369BADD-2839-497F-AE6C-D166C94D5CC6} = {D21BFC44-F4F3-4ACA-A847-EFD55DF63573}
		{FBD05418-9377-4136-95E0-780CFE1D5BC7} = {01ECF4C8-F93A-46A3-AB01-78620F77BA55}
		{8D1C7467-63E0-4536-A6E4-FFD1B12732DB} = {01ECF4C8-F93A-46A3-AB01-78620F77BA55}
		{134D0E3F-BD48-4707-BBD8-93DCDCFCED63} = {01ECF4C8-F93A-46A3-AB01-78620F77BA55}
		{15E3EF96-E3C8-4A00-B522-FB19E3E320E2} = {01ECF4C8-F93A-46A3-AB01-78620F77BA55}
		{62C66B84-DB7A-41BE-8E3C-164AE8E57A02} = {01ECF4C8-F93A-46A3-AB01-78620F77BA55}
		{643A69FD-40AA-46D8-B86D-099B72056DE2} = {01ECF4C8-F93A-46A3-AB01-78620F77BA55}
		{522480C0-2A3E-4088-90F4-5DC12CAE3E81} = {01ECF4C8-F93A-46A3-AB01-78620F77BA55}
		{BA8D11D7-45EC-49B8-830E-597DEFF45C15} = {01ECF4C8-F93A-46A3-AB01-78620F77BA55}
		{9A0E00A1-5356-4AFB-90C2-B9F8D530F0A9} = {01ECF4C8-F93A-46A3-AB01-78620F77BA55}
		{DE3A74F1-9C32-4F9E-BA55-83BC0E6B9274} = {01ECF4C8-F93A-46A3-AB01-78620F77BA55}
		{AAE7361C-D843-4747-97B8-CDA20CA774C3} = {01ECF4C8-F93A-46A3-AB01-78620F77BA55}
		{44F28CE9-6DAF-48F4-B145-E9846F8E4C03} = {01ECF4C8-F93A-46A3-AB01-78620F77BA55}
	EndGlobalSection
EndGlobal
